
Microsoft Visual Studio Solution File, Format Version 12.00
# Visual Studio Version 17
VisualStudioVersion = 17.11.35327.3
MinimumVisualStudioVersion = 10.0.40219.1
Project("{FAE04EC0-301F-11D3-BF4B-00C04F79EFBC}") = "InvoiceApp", "InvoiceApp\InvoiceApp.csproj", "{70302707-73D6-4AD2-823E-9D2E4F09C3A3}"
EndProject
Global
	GlobalSection(SolutionConfigurationPlatforms) = preSolution
		Debug|Any CPU = Debug|Any CPU
		Release|Any CPU = Release|Any CPU
	EndGlobalSection
	GlobalSection(ProjectConfigurationPlatforms) = postSolution
		{70302707-73D6-4AD2-823E-9D2E4F09C3A3}.Debug|Any CPU.ActiveCfg = Debug|Any CPU
		{70302707-73D6-4AD2-823E-9D2E4F09C3A3}.Debug|Any CPU.Build.0 = Debug|Any CPU
		{70302707-73D6-4AD2-823E-9D2E4F09C3A3}.Release|Any CPU.ActiveCfg = Release|Any CPU
		{70302707-73D6-4AD2-823E-9D2E4F09C3A3}.Release|Any CPU.Build.0 = Release|Any CPU
	EndGlobalSection
	GlobalSection(SolutionProperties) = preSolution
		HideSolutionNode = FALSE
	EndGlobalSection
	GlobalSection(ExtensibilityGlobals) = postSolution
		SolutionGuid = {01CDFD83-F1E1-4A2D-AD97-64225D493E28}
	EndGlobalSection
EndGlobal
